// !$*UTF8*$!
{
	archiveVersion = 1;
	classes = {
	};
	objectVersion = 55;
	objects = {

/* Begin PBXBuildFile section */
		6B05A599290C589B00D30201 /* TypeAlias.swift in Sources */ = {isa = PBXBuildFile; fileRef = 6B05A598290C589B00D30201 /* TypeAlias.swift */; };
		6B27D2B7290C4C1A0088884E /* StringConstants.swift in Sources */ = {isa = PBXBuildFile; fileRef = 6B27D2B6290C4C1A0088884E /* StringConstants.swift */; };
		6B2EC31C29085B3900DADFD1 /* CinemaListCell.swift in Sources */ = {isa = PBXBuildFile; fileRef = 6B2EC31B29085B3900DADFD1 /* CinemaListCell.swift */; };
		6B2EC31F29085D7E00DADFD1 /* NetworkModel.swift in Sources */ = {isa = PBXBuildFile; fileRef = 6B2EC31E29085D7E00DADFD1 /* NetworkModel.swift */; };
		6B2EC32229086DA100DADFD1 /* NSConstraint+setPriorityFunc.swift in Sources */ = {isa = PBXBuildFile; fileRef = 6B2EC32129086DA100DADFD1 /* NSConstraint+setPriorityFunc.swift */; };
		6B434B0E2992C6CB0001041F /* CinemaListScreenViewModel.swift in Sources */ = {isa = PBXBuildFile; fileRef = 6B434B0D2992C6CB0001041F /* CinemaListScreenViewModel.swift */; };
		6B434B112992D1770001041F /* Builder.swift in Sources */ = {isa = PBXBuildFile; fileRef = 6B434B102992D1770001041F /* Builder.swift */; };
		6B434B142992E8320001041F /* Proxy.swift in Sources */ = {isa = PBXBuildFile; fileRef = 6B434B132992E8320001041F /* Proxy.swift */; };
		6B434B172992E9020001041F /* ImageAPIServiceProtocol.swift in Sources */ = {isa = PBXBuildFile; fileRef = 6B434B162992E9020001041F /* ImageAPIServiceProtocol.swift */; };
		6B434B192992E95D0001041F /* ImageAPIService.swift in Sources */ = {isa = PBXBuildFile; fileRef = 6B434B182992E95D0001041F /* ImageAPIService.swift */; };
		6B434B1B2992EA7F0001041F /* ProxyImp.swift in Sources */ = {isa = PBXBuildFile; fileRef = 6B434B1A2992EA7F0001041F /* ProxyImp.swift */; };
		6B434B1E2992EB800001041F /* ImageService.swift in Sources */ = {isa = PBXBuildFile; fileRef = 6B434B1D2992EB800001041F /* ImageService.swift */; };
		6B434B202992EBD10001041F /* ImageServiceImp.swift in Sources */ = {isa = PBXBuildFile; fileRef = 6B434B1F2992EBD10001041F /* ImageServiceImp.swift */; };
		6B434B2429930ECF0001041F /* BaseCoordinator.swift in Sources */ = {isa = PBXBuildFile; fileRef = 6B434B2329930ECF0001041F /* BaseCoordinator.swift */; };
		6B434B2729930F0A0001041F /* ApplicationCoordinator.swift in Sources */ = {isa = PBXBuildFile; fileRef = 6B434B2629930F0A0001041F /* ApplicationCoordinator.swift */; };
		6B434B2929930F320001041F /* BuilderProtocol.swift in Sources */ = {isa = PBXBuildFile; fileRef = 6B434B2829930F320001041F /* BuilderProtocol.swift */; };
		6B434B2C299315D60001041F /* CacheService.swift in Sources */ = {isa = PBXBuildFile; fileRef = 6B434B2B299315D60001041F /* CacheService.swift */; };
		6B434B2E299316040001041F /* CacheServiceProtocol.swift in Sources */ = {isa = PBXBuildFile; fileRef = 6B434B2D299316040001041F /* CacheServiceProtocol.swift */; };
		6B5C15092999847C006CB875 /* GlobalConstants.swift in Sources */ = {isa = PBXBuildFile; fileRef = 6B5C15082999847C006CB875 /* GlobalConstants.swift */; };
		6B5DE6932995909900B102DD /* CoreDataServiceProtocol.swift in Sources */ = {isa = PBXBuildFile; fileRef = 6B5DE6922995909900B102DD /* CoreDataServiceProtocol.swift */; };
		6B5DE695299590A000B102DD /* CoreDataService.swift in Sources */ = {isa = PBXBuildFile; fileRef = 6B5DE694299590A000B102DD /* CoreDataService.swift */; };
		6B5DE6A42995950300B102DD /* CinemaLibrary.xcdatamodeld in Sources */ = {isa = PBXBuildFile; fileRef = 6B5DE6A22995950200B102DD /* CinemaLibrary.xcdatamodeld */; };
		6B99979E29920ED20086777C /* ViewData.swift in Sources */ = {isa = PBXBuildFile; fileRef = 6B99979D29920ED20086777C /* ViewData.swift */; };
		6B9997A029920EEF0086777C /* CinemaListInternalView.swift in Sources */ = {isa = PBXBuildFile; fileRef = 6B99979F29920EEF0086777C /* CinemaListInternalView.swift */; };
		6B9997A22992114A0086777C /* CinemaListScreenViewModelProtocol.swift in Sources */ = {isa = PBXBuildFile; fileRef = 6B9997A12992114A0086777C /* CinemaListScreenViewModelProtocol.swift */; };
		6B9D08652994056200044338 /* NetworkServiceProtocol.swift in Sources */ = {isa = PBXBuildFile; fileRef = 6B9D08642994056200044338 /* NetworkServiceProtocol.swift */; };
		6BACC491290B04D80011D30E /* NetworkService.swift in Sources */ = {isa = PBXBuildFile; fileRef = 6BACC490290B04D80011D30E /* NetworkService.swift */; };
		6BACC495290B22120011D30E /* CinemaProtocol.swift in Sources */ = {isa = PBXBuildFile; fileRef = 6BACC494290B22120011D30E /* CinemaProtocol.swift */; };
		6BAD57C7299916E800BA21F5 /* CinemaListScreenViewModelTests.swift in Sources */ = {isa = PBXBuildFile; fileRef = 6BAD57C6299916E800BA21F5 /* CinemaListScreenViewModelTests.swift */; };
		6BAD57CF29991AB300BA21F5 /* MockImageApiService.swift in Sources */ = {isa = PBXBuildFile; fileRef = 6BAD57CE29991AB300BA21F5 /* MockImageApiService.swift */; };
		6BAD57D129991BC200BA21F5 /* MockCacheService.swift in Sources */ = {isa = PBXBuildFile; fileRef = 6BAD57D029991BC200BA21F5 /* MockCacheService.swift */; };
		6BAD57D329991F0500BA21F5 /* MockNetworkService.swift in Sources */ = {isa = PBXBuildFile; fileRef = 6BAD57D229991F0500BA21F5 /* MockNetworkService.swift */; };
		6BAD57D5299921CF00BA21F5 /* MockKeychainService.swift in Sources */ = {isa = PBXBuildFile; fileRef = 6BAD57D4299921CF00BA21F5 /* MockKeychainService.swift */; };
		6BAD57D7299922A500BA21F5 /* MockCoreDataService.swift in Sources */ = {isa = PBXBuildFile; fileRef = 6BAD57D6299922A500BA21F5 /* MockCoreDataService.swift */; };
		6BAD57D92999325C00BA21F5 /* MockProxy.swift in Sources */ = {isa = PBXBuildFile; fileRef = 6BAD57D82999325C00BA21F5 /* MockProxy.swift */; };
		6BAD57DE2999356D00BA21F5 /* CinemaListScreenImageServiceTests.swift in Sources */ = {isa = PBXBuildFile; fileRef = 6BAD57DC2999356D00BA21F5 /* CinemaListScreenImageServiceTests.swift */; };
		6BAD57E12999378700BA21F5 /* BaseCoordinatorTests.swift in Sources */ = {isa = PBXBuildFile; fileRef = 6BAD57DF2999378700BA21F5 /* BaseCoordinatorTests.swift */; };
		6BAD57E42999389F00BA21F5 /* BaseCoordinatorProtocol.swift in Sources */ = {isa = PBXBuildFile; fileRef = 6BAD57E2299937BF00BA21F5 /* BaseCoordinatorProtocol.swift */; };
		6BAD57E6299939AB00BA21F5 /* MockCoordinator.swift in Sources */ = {isa = PBXBuildFile; fileRef = 6BAD57E5299939AB00BA21F5 /* MockCoordinator.swift */; };
		6BAD57EB29993EBD00BA21F5 /* NetworkServiceTests.swift in Sources */ = {isa = PBXBuildFile; fileRef = 6BAD57E929993EBD00BA21F5 /* NetworkServiceTests.swift */; };
		6BAD57ED2999615C00BA21F5 /* KeychainServiceTests.swift in Sources */ = {isa = PBXBuildFile; fileRef = 6BAD57EC2999615C00BA21F5 /* KeychainServiceTests.swift */; };
		6BAD57EF2999650400BA21F5 /* CoreDataServiceTests.swift in Sources */ = {isa = PBXBuildFile; fileRef = 6BAD57EE2999650400BA21F5 /* CoreDataServiceTests.swift */; };
		6BAD57F129996C3E00BA21F5 /* CachServiceTests.swift in Sources */ = {isa = PBXBuildFile; fileRef = 6BAD57F029996C3E00BA21F5 /* CachServiceTests.swift */; };
		6BAD580B2999758900BA21F5 /* CinemaListViewControllerTests.swift in Sources */ = {isa = PBXBuildFile; fileRef = 6BAD580A2999758900BA21F5 /* CinemaListViewControllerTests.swift */; };
		6BB0AEAF290847E400F4B2B9 /* AppDelegate.swift in Sources */ = {isa = PBXBuildFile; fileRef = 6BB0AEAE290847E400F4B2B9 /* AppDelegate.swift */; };
		6BB0AEB3290847E400F4B2B9 /* CinemaListViewController.swift in Sources */ = {isa = PBXBuildFile; fileRef = 6BB0AEB2290847E400F4B2B9 /* CinemaListViewController.swift */; };
		6BB0AEB6290847E400F4B2B9 /* Main.storyboard in Resources */ = {isa = PBXBuildFile; fileRef = 6BB0AEB4290847E400F4B2B9 /* Main.storyboard */; };
		6BB0AEB8290847E600F4B2B9 /* Assets.xcassets in Resources */ = {isa = PBXBuildFile; fileRef = 6BB0AEB7290847E600F4B2B9 /* Assets.xcassets */; };
		6BB0AEBB290847E600F4B2B9 /* LaunchScreen.storyboard in Resources */ = {isa = PBXBuildFile; fileRef = 6BB0AEB9290847E600F4B2B9 /* LaunchScreen.storyboard */; };
		6BD6C27B299422B0004D5461 /* KeychainServiceProtocol.swift in Sources */ = {isa = PBXBuildFile; fileRef = 6BD6C27A299422B0004D5461 /* KeychainServiceProtocol.swift */; };
		6BD6C27D299424BF004D5461 /* KeychainService.swift in Sources */ = {isa = PBXBuildFile; fileRef = 6BD6C27C299424BF004D5461 /* KeychainService.swift */; };
		6BDB75F6299319DC00526945 /* CinemaDescriptionViewModel.swift in Sources */ = {isa = PBXBuildFile; fileRef = 6BDB75F5299319DC00526945 /* CinemaDescriptionViewModel.swift */; };
		6BDB75F8299319F500526945 /* CinemaDescriptionViewModelImp.swift in Sources */ = {isa = PBXBuildFile; fileRef = 6BDB75F7299319F500526945 /* CinemaDescriptionViewModelImp.swift */; };
		6BDF09A029998B3000D081B8 /* GlobalConstants.swift in Sources */ = {isa = PBXBuildFile; fileRef = 6B5C15082999847C006CB875 /* GlobalConstants.swift */; };
		6BF3413429098C40001448A2 /* CinemaDescriptionViewController.swift in Sources */ = {isa = PBXBuildFile; fileRef = 6BF3413329098C40001448A2 /* CinemaDescriptionViewController.swift */; };
		6BF3413729098FA4001448A2 /* PosterTableViewCell.swift in Sources */ = {isa = PBXBuildFile; fileRef = 6BF3413629098FA4001448A2 /* PosterTableViewCell.swift */; };
		6BF34139290995F9001448A2 /* ButtonsTableViewCell.swift in Sources */ = {isa = PBXBuildFile; fileRef = 6BF34138290995F9001448A2 /* ButtonsTableViewCell.swift */; };
		6BF3413B2909B7C7001448A2 /* OverviewTableViewCell.swift in Sources */ = {isa = PBXBuildFile; fileRef = 6BF3413A2909B7C7001448A2 /* OverviewTableViewCell.swift */; };
		6BF3413D2909BACA001448A2 /* RatingTableViewCell.swift in Sources */ = {isa = PBXBuildFile; fileRef = 6BF3413C2909BACA001448A2 /* RatingTableViewCell.swift */; };
		6BF5F48A290B8B0B00A8588A /* Array+safelyAccesToElement.swift in Sources */ = {isa = PBXBuildFile; fileRef = 6BF5F489290B8B0B00A8588A /* Array+safelyAccesToElement.swift */; };
/* End PBXBuildFile section */

/* Begin PBXContainerItemProxy section */
		6BAD57C8299916E800BA21F5 /* PBXContainerItemProxy */ = {
			isa = PBXContainerItemProxy;
			containerPortal = 6BB0AEA3290847E400F4B2B9 /* Project object */;
			proxyType = 1;
			remoteGlobalIDString = 6BB0AEAA290847E400F4B2B9;
			remoteInfo = Movie;
		};
		6BAD580E2999758900BA21F5 /* PBXContainerItemProxy */ = {
			isa = PBXContainerItemProxy;
			containerPortal = 6BB0AEA3290847E400F4B2B9 /* Project object */;
			proxyType = 1;
			remoteGlobalIDString = 6BB0AEAA290847E400F4B2B9;
			remoteInfo = Movie;
		};
/* End PBXContainerItemProxy section */

/* Begin PBXFileReference section */
		6B05A598290C589B00D30201 /* TypeAlias.swift */ = {isa = PBXFileReference; lastKnownFileType = sourcecode.swift; path = TypeAlias.swift; sourceTree = "<group>"; };
		6B27D2B6290C4C1A0088884E /* StringConstants.swift */ = {isa = PBXFileReference; lastKnownFileType = sourcecode.swift; path = StringConstants.swift; sourceTree = "<group>"; };
		6B2EC31B29085B3900DADFD1 /* CinemaListCell.swift */ = {isa = PBXFileReference; lastKnownFileType = sourcecode.swift; path = CinemaListCell.swift; sourceTree = "<group>"; };
		6B2EC31E29085D7E00DADFD1 /* NetworkModel.swift */ = {isa = PBXFileReference; lastKnownFileType = sourcecode.swift; path = NetworkModel.swift; sourceTree = "<group>"; };
		6B2EC32129086DA100DADFD1 /* NSConstraint+setPriorityFunc.swift */ = {isa = PBXFileReference; lastKnownFileType = sourcecode.swift; path = "NSConstraint+setPriorityFunc.swift"; sourceTree = "<group>"; };
		6B434B0D2992C6CB0001041F /* CinemaListScreenViewModel.swift */ = {isa = PBXFileReference; lastKnownFileType = sourcecode.swift; path = CinemaListScreenViewModel.swift; sourceTree = "<group>"; };
		6B434B102992D1770001041F /* Builder.swift */ = {isa = PBXFileReference; lastKnownFileType = sourcecode.swift; path = Builder.swift; sourceTree = "<group>"; };
		6B434B132992E8320001041F /* Proxy.swift */ = {isa = PBXFileReference; lastKnownFileType = sourcecode.swift; path = Proxy.swift; sourceTree = "<group>"; };
		6B434B162992E9020001041F /* ImageAPIServiceProtocol.swift */ = {isa = PBXFileReference; lastKnownFileType = sourcecode.swift; path = ImageAPIServiceProtocol.swift; sourceTree = "<group>"; };
		6B434B182992E95D0001041F /* ImageAPIService.swift */ = {isa = PBXFileReference; lastKnownFileType = sourcecode.swift; path = ImageAPIService.swift; sourceTree = "<group>"; };
		6B434B1A2992EA7F0001041F /* ProxyImp.swift */ = {isa = PBXFileReference; lastKnownFileType = sourcecode.swift; path = ProxyImp.swift; sourceTree = "<group>"; };
		6B434B1D2992EB800001041F /* ImageService.swift */ = {isa = PBXFileReference; lastKnownFileType = sourcecode.swift; path = ImageService.swift; sourceTree = "<group>"; };
		6B434B1F2992EBD10001041F /* ImageServiceImp.swift */ = {isa = PBXFileReference; lastKnownFileType = sourcecode.swift; path = ImageServiceImp.swift; sourceTree = "<group>"; };
		6B434B2329930ECF0001041F /* BaseCoordinator.swift */ = {isa = PBXFileReference; lastKnownFileType = sourcecode.swift; path = BaseCoordinator.swift; sourceTree = "<group>"; };
		6B434B2629930F0A0001041F /* ApplicationCoordinator.swift */ = {isa = PBXFileReference; lastKnownFileType = sourcecode.swift; path = ApplicationCoordinator.swift; sourceTree = "<group>"; };
		6B434B2829930F320001041F /* BuilderProtocol.swift */ = {isa = PBXFileReference; lastKnownFileType = sourcecode.swift; path = BuilderProtocol.swift; sourceTree = "<group>"; };
		6B434B2B299315D60001041F /* CacheService.swift */ = {isa = PBXFileReference; lastKnownFileType = sourcecode.swift; path = CacheService.swift; sourceTree = "<group>"; };
		6B434B2D299316040001041F /* CacheServiceProtocol.swift */ = {isa = PBXFileReference; lastKnownFileType = sourcecode.swift; path = CacheServiceProtocol.swift; sourceTree = "<group>"; };
		6B5C15082999847C006CB875 /* GlobalConstants.swift */ = {isa = PBXFileReference; lastKnownFileType = sourcecode.swift; path = GlobalConstants.swift; sourceTree = "<group>"; };
		6B5DE6922995909900B102DD /* CoreDataServiceProtocol.swift */ = {isa = PBXFileReference; lastKnownFileType = sourcecode.swift; path = CoreDataServiceProtocol.swift; sourceTree = "<group>"; };
		6B5DE694299590A000B102DD /* CoreDataService.swift */ = {isa = PBXFileReference; lastKnownFileType = sourcecode.swift; path = CoreDataService.swift; sourceTree = "<group>"; };
		6B5DE6A32995950200B102DD /* CinemaLibrary.xcdatamodel */ = {isa = PBXFileReference; lastKnownFileType = wrapper.xcdatamodel; path = CinemaLibrary.xcdatamodel; sourceTree = "<group>"; };
		6B99979D29920ED20086777C /* ViewData.swift */ = {isa = PBXFileReference; lastKnownFileType = sourcecode.swift; path = ViewData.swift; sourceTree = "<group>"; };
		6B99979F29920EEF0086777C /* CinemaListInternalView.swift */ = {isa = PBXFileReference; lastKnownFileType = sourcecode.swift; path = CinemaListInternalView.swift; sourceTree = "<group>"; };
		6B9997A12992114A0086777C /* CinemaListScreenViewModelProtocol.swift */ = {isa = PBXFileReference; lastKnownFileType = sourcecode.swift; path = CinemaListScreenViewModelProtocol.swift; sourceTree = "<group>"; };
		6B9D08642994056200044338 /* NetworkServiceProtocol.swift */ = {isa = PBXFileReference; lastKnownFileType = sourcecode.swift; path = NetworkServiceProtocol.swift; sourceTree = "<group>"; };
		6BACC490290B04D80011D30E /* NetworkService.swift */ = {isa = PBXFileReference; lastKnownFileType = sourcecode.swift; path = NetworkService.swift; sourceTree = "<group>"; };
		6BACC494290B22120011D30E /* CinemaProtocol.swift */ = {isa = PBXFileReference; lastKnownFileType = sourcecode.swift; path = CinemaProtocol.swift; sourceTree = "<group>"; };
		6BAD57C4299916E700BA21F5 /* MovieTests.xctest */ = {isa = PBXFileReference; explicitFileType = wrapper.cfbundle; includeInIndex = 0; path = MovieTests.xctest; sourceTree = BUILT_PRODUCTS_DIR; };
		6BAD57C6299916E800BA21F5 /* CinemaListScreenViewModelTests.swift */ = {isa = PBXFileReference; lastKnownFileType = sourcecode.swift; path = CinemaListScreenViewModelTests.swift; sourceTree = "<group>"; };
		6BAD57CE29991AB300BA21F5 /* MockImageApiService.swift */ = {isa = PBXFileReference; lastKnownFileType = sourcecode.swift; path = MockImageApiService.swift; sourceTree = "<group>"; };
		6BAD57D029991BC200BA21F5 /* MockCacheService.swift */ = {isa = PBXFileReference; lastKnownFileType = sourcecode.swift; path = MockCacheService.swift; sourceTree = "<group>"; };
		6BAD57D229991F0500BA21F5 /* MockNetworkService.swift */ = {isa = PBXFileReference; lastKnownFileType = sourcecode.swift; path = MockNetworkService.swift; sourceTree = "<group>"; };
		6BAD57D4299921CF00BA21F5 /* MockKeychainService.swift */ = {isa = PBXFileReference; lastKnownFileType = sourcecode.swift; path = MockKeychainService.swift; sourceTree = "<group>"; };
		6BAD57D6299922A500BA21F5 /* MockCoreDataService.swift */ = {isa = PBXFileReference; lastKnownFileType = sourcecode.swift; path = MockCoreDataService.swift; sourceTree = "<group>"; };
		6BAD57D82999325C00BA21F5 /* MockProxy.swift */ = {isa = PBXFileReference; lastKnownFileType = sourcecode.swift; path = MockProxy.swift; sourceTree = "<group>"; };
		6BAD57DC2999356D00BA21F5 /* CinemaListScreenImageServiceTests.swift */ = {isa = PBXFileReference; lastKnownFileType = sourcecode.swift; path = CinemaListScreenImageServiceTests.swift; sourceTree = "<group>"; };
		6BAD57DF2999378700BA21F5 /* BaseCoordinatorTests.swift */ = {isa = PBXFileReference; lastKnownFileType = sourcecode.swift; path = BaseCoordinatorTests.swift; sourceTree = "<group>"; };
		6BAD57E2299937BF00BA21F5 /* BaseCoordinatorProtocol.swift */ = {isa = PBXFileReference; lastKnownFileType = sourcecode.swift; path = BaseCoordinatorProtocol.swift; sourceTree = "<group>"; };
		6BAD57E5299939AB00BA21F5 /* MockCoordinator.swift */ = {isa = PBXFileReference; lastKnownFileType = sourcecode.swift; path = MockCoordinator.swift; sourceTree = "<group>"; };
		6BAD57E929993EBD00BA21F5 /* NetworkServiceTests.swift */ = {isa = PBXFileReference; lastKnownFileType = sourcecode.swift; path = NetworkServiceTests.swift; sourceTree = "<group>"; };
		6BAD57EC2999615C00BA21F5 /* KeychainServiceTests.swift */ = {isa = PBXFileReference; lastKnownFileType = sourcecode.swift; path = KeychainServiceTests.swift; sourceTree = "<group>"; };
		6BAD57EE2999650400BA21F5 /* CoreDataServiceTests.swift */ = {isa = PBXFileReference; lastKnownFileType = sourcecode.swift; path = CoreDataServiceTests.swift; sourceTree = "<group>"; };
		6BAD57F029996C3E00BA21F5 /* CachServiceTests.swift */ = {isa = PBXFileReference; lastKnownFileType = sourcecode.swift; path = CachServiceTests.swift; sourceTree = "<group>"; };
		6BAD58082999758900BA21F5 /* MovieUITests.xctest */ = {isa = PBXFileReference; explicitFileType = wrapper.cfbundle; includeInIndex = 0; path = MovieUITests.xctest; sourceTree = BUILT_PRODUCTS_DIR; };
		6BAD580A2999758900BA21F5 /* CinemaListViewControllerTests.swift */ = {isa = PBXFileReference; lastKnownFileType = sourcecode.swift; path = CinemaListViewControllerTests.swift; sourceTree = "<group>"; };
		6BB0AEAB290847E400F4B2B9 /* Movie.app */ = {isa = PBXFileReference; explicitFileType = wrapper.application; includeInIndex = 0; path = Movie.app; sourceTree = BUILT_PRODUCTS_DIR; };
		6BB0AEAE290847E400F4B2B9 /* AppDelegate.swift */ = {isa = PBXFileReference; lastKnownFileType = sourcecode.swift; path = AppDelegate.swift; sourceTree = "<group>"; };
		6BB0AEB2290847E400F4B2B9 /* CinemaListViewController.swift */ = {isa = PBXFileReference; lastKnownFileType = sourcecode.swift; path = CinemaListViewController.swift; sourceTree = "<group>"; };
		6BB0AEB5290847E400F4B2B9 /* Base */ = {isa = PBXFileReference; lastKnownFileType = file.storyboard; name = Base; path = Base.lproj/Main.storyboard; sourceTree = "<group>"; };
		6BB0AEB7290847E600F4B2B9 /* Assets.xcassets */ = {isa = PBXFileReference; lastKnownFileType = folder.assetcatalog; path = Assets.xcassets; sourceTree = "<group>"; };
		6BB0AEBA290847E600F4B2B9 /* Base */ = {isa = PBXFileReference; lastKnownFileType = file.storyboard; name = Base; path = Base.lproj/LaunchScreen.storyboard; sourceTree = "<group>"; };
		6BB0AEBC290847E600F4B2B9 /* Info.plist */ = {isa = PBXFileReference; lastKnownFileType = text.plist.xml; path = Info.plist; sourceTree = "<group>"; };
		6BD6C27A299422B0004D5461 /* KeychainServiceProtocol.swift */ = {isa = PBXFileReference; lastKnownFileType = sourcecode.swift; path = KeychainServiceProtocol.swift; sourceTree = "<group>"; };
		6BD6C27C299424BF004D5461 /* KeychainService.swift */ = {isa = PBXFileReference; lastKnownFileType = sourcecode.swift; path = KeychainService.swift; sourceTree = "<group>"; };
		6BDB75F5299319DC00526945 /* CinemaDescriptionViewModel.swift */ = {isa = PBXFileReference; lastKnownFileType = sourcecode.swift; path = CinemaDescriptionViewModel.swift; sourceTree = "<group>"; };
		6BDB75F7299319F500526945 /* CinemaDescriptionViewModelImp.swift */ = {isa = PBXFileReference; lastKnownFileType = sourcecode.swift; path = CinemaDescriptionViewModelImp.swift; sourceTree = "<group>"; };
		6BF3413329098C40001448A2 /* CinemaDescriptionViewController.swift */ = {isa = PBXFileReference; lastKnownFileType = sourcecode.swift; path = CinemaDescriptionViewController.swift; sourceTree = "<group>"; };
		6BF3413629098FA4001448A2 /* PosterTableViewCell.swift */ = {isa = PBXFileReference; lastKnownFileType = sourcecode.swift; path = PosterTableViewCell.swift; sourceTree = "<group>"; };
		6BF34138290995F9001448A2 /* ButtonsTableViewCell.swift */ = {isa = PBXFileReference; lastKnownFileType = sourcecode.swift; path = ButtonsTableViewCell.swift; sourceTree = "<group>"; };
		6BF3413A2909B7C7001448A2 /* OverviewTableViewCell.swift */ = {isa = PBXFileReference; lastKnownFileType = sourcecode.swift; path = OverviewTableViewCell.swift; sourceTree = "<group>"; };
		6BF3413C2909BACA001448A2 /* RatingTableViewCell.swift */ = {isa = PBXFileReference; lastKnownFileType = sourcecode.swift; path = RatingTableViewCell.swift; sourceTree = "<group>"; };
		6BF5F489290B8B0B00A8588A /* Array+safelyAccesToElement.swift */ = {isa = PBXFileReference; lastKnownFileType = sourcecode.swift; path = "Array+safelyAccesToElement.swift"; sourceTree = "<group>"; };
/* End PBXFileReference section */

/* Begin PBXFrameworksBuildPhase section */
		6BAD57C1299916E700BA21F5 /* Frameworks */ = {
			isa = PBXFrameworksBuildPhase;
			buildActionMask = 2147483647;
			files = (
			);
			runOnlyForDeploymentPostprocessing = 0;
		};
		6BAD58052999758900BA21F5 /* Frameworks */ = {
			isa = PBXFrameworksBuildPhase;
			buildActionMask = 2147483647;
			files = (
			);
			runOnlyForDeploymentPostprocessing = 0;
		};
		6BB0AEA8290847E400F4B2B9 /* Frameworks */ = {
			isa = PBXFrameworksBuildPhase;
			buildActionMask = 2147483647;
			files = (
			);
			runOnlyForDeploymentPostprocessing = 0;
		};
/* End PBXFrameworksBuildPhase section */

/* Begin PBXGroup section */
		6B05A597290C587200D30201 /* TypeAlias */ = {
			isa = PBXGroup;
			children = (
				6B05A598290C589B00D30201 /* TypeAlias.swift */,
			);
			path = TypeAlias;
			sourceTree = "<group>";
		};
		6B27D2B5290C4BE90088884E /* Constants */ = {
			isa = PBXGroup;
			children = (
				6B27D2B6290C4C1A0088884E /* StringConstants.swift */,
			);
			name = Constants;
			sourceTree = "<group>";
		};
		6B2EC31A29085B2800DADFD1 /* Cell */ = {
			isa = PBXGroup;
			children = (
				6B2EC31B29085B3900DADFD1 /* CinemaListCell.swift */,
			);
			path = Cell;
			sourceTree = "<group>";
		};
		6B2EC31D29085D6D00DADFD1 /* Model */ = {
			isa = PBXGroup;
			children = (
				6B9997A12992114A0086777C /* CinemaListScreenViewModelProtocol.swift */,
				6B434B0D2992C6CB0001041F /* CinemaListScreenViewModel.swift */,
			);
			path = Model;
			sourceTree = "<group>";
		};
		6B2EC32029086D8600DADFD1 /* Extesion */ = {
			isa = PBXGroup;
			children = (
				6B2EC32129086DA100DADFD1 /* NSConstraint+setPriorityFunc.swift */,
				6BF5F489290B8B0B00A8588A /* Array+safelyAccesToElement.swift */,
			);
			path = Extesion;
			sourceTree = "<group>";
		};
		6B434B0F2992D1670001041F /* Builder */ = {
			isa = PBXGroup;
			children = (
				6B434B102992D1770001041F /* Builder.swift */,
				6B434B2829930F320001041F /* BuilderProtocol.swift */,
			);
			path = Builder;
			sourceTree = "<group>";
		};
		6B434B122992E81B0001041F /* Proxy */ = {
			isa = PBXGroup;
			children = (
				6B434B132992E8320001041F /* Proxy.swift */,
				6B434B1A2992EA7F0001041F /* ProxyImp.swift */,
			);
			path = Proxy;
			sourceTree = "<group>";
		};
		6B434B152992E8BB0001041F /* ImageAPIService */ = {
			isa = PBXGroup;
			children = (
				6B434B162992E9020001041F /* ImageAPIServiceProtocol.swift */,
				6B434B182992E95D0001041F /* ImageAPIService.swift */,
			);
			path = ImageAPIService;
			sourceTree = "<group>";
		};
		6B434B1C2992EB6B0001041F /* ImageService */ = {
			isa = PBXGroup;
			children = (
				6B434B1D2992EB800001041F /* ImageService.swift */,
				6B434B1F2992EBD10001041F /* ImageServiceImp.swift */,
			);
			path = ImageService;
			sourceTree = "<group>";
		};
		6B434B2129930EAF0001041F /* Coordinator */ = {
			isa = PBXGroup;
			children = (
				6B434B2529930EF80001041F /* ApplicationCoordinator */,
				6B434B2229930EBE0001041F /* BaseCoordinator */,
			);
			path = Coordinator;
			sourceTree = "<group>";
		};
		6B434B2229930EBE0001041F /* BaseCoordinator */ = {
			isa = PBXGroup;
			children = (
				6B434B2329930ECF0001041F /* BaseCoordinator.swift */,
				6BAD57E2299937BF00BA21F5 /* BaseCoordinatorProtocol.swift */,
			);
			path = BaseCoordinator;
			sourceTree = "<group>";
		};
		6B434B2529930EF80001041F /* ApplicationCoordinator */ = {
			isa = PBXGroup;
			children = (
				6B434B2629930F0A0001041F /* ApplicationCoordinator.swift */,
			);
			path = ApplicationCoordinator;
			sourceTree = "<group>";
		};
		6B434B2A299315BE0001041F /* CacheService */ = {
			isa = PBXGroup;
			children = (
				6B434B2B299315D60001041F /* CacheService.swift */,
				6B434B2D299316040001041F /* CacheServiceProtocol.swift */,
			);
			path = CacheService;
			sourceTree = "<group>";
		};
		6B4DE9702908575900BAADDC /* CinemaListScreen */ = {
			isa = PBXGroup;
			children = (
				6B99979C29920EBA0086777C /* View */,
				6B2EC31D29085D6D00DADFD1 /* Model */,
			);
			path = CinemaListScreen;
			sourceTree = "<group>";
		};
		6B5C15072999846A006CB875 /* GlobalConstants */ = {
			isa = PBXGroup;
			children = (
				6B5C15082999847C006CB875 /* GlobalConstants.swift */,
			);
			path = GlobalConstants;
			sourceTree = "<group>";
		};
		6B5DE6912995908100B102DD /* CoreDataService */ = {
			isa = PBXGroup;
			children = (
				6B5DE6922995909900B102DD /* CoreDataServiceProtocol.swift */,
				6B5DE694299590A000B102DD /* CoreDataService.swift */,
				6B5DE6A22995950200B102DD /* CinemaLibrary.xcdatamodeld */,
			);
			path = CoreDataService;
			sourceTree = "<group>";
		};
		6B99979C29920EBA0086777C /* View */ = {
			isa = PBXGroup;
			children = (
				6B2EC31A29085B2800DADFD1 /* Cell */,
				6BB0AEB2290847E400F4B2B9 /* CinemaListViewController.swift */,
				6B99979F29920EEF0086777C /* CinemaListInternalView.swift */,
				6B99979D29920ED20086777C /* ViewData.swift */,
			);
			path = View;
			sourceTree = "<group>";
		};
		6BACC48F290B04B30011D30E /* NetworkManager */ = {
			isa = PBXGroup;
			children = (
				6B2EC31E29085D7E00DADFD1 /* NetworkModel.swift */,
				6BACC494290B22120011D30E /* CinemaProtocol.swift */,
				6BACC490290B04D80011D30E /* NetworkService.swift */,
				6B9D08642994056200044338 /* NetworkServiceProtocol.swift */,
			);
			path = NetworkManager;
			sourceTree = "<group>";
		};
		6BAD57C5299916E700BA21F5 /* MovieTests */ = {
			isa = PBXGroup;
			children = (
				6B5C15072999846A006CB875 /* GlobalConstants */,
				6BAD57CD2999179200BA21F5 /* ListScreenMocks */,
				6BAD57C6299916E800BA21F5 /* CinemaListScreenViewModelTests.swift */,
				6BAD57DF2999378700BA21F5 /* BaseCoordinatorTests.swift */,
				6BAD57DC2999356D00BA21F5 /* CinemaListScreenImageServiceTests.swift */,
				6BAD57EC2999615C00BA21F5 /* KeychainServiceTests.swift */,
				6BAD57E929993EBD00BA21F5 /* NetworkServiceTests.swift */,
				6BAD57EE2999650400BA21F5 /* CoreDataServiceTests.swift */,
				6BAD57F029996C3E00BA21F5 /* CachServiceTests.swift */,
			);
			path = MovieTests;
			sourceTree = "<group>";
		};
		6BAD57CD2999179200BA21F5 /* ListScreenMocks */ = {
			isa = PBXGroup;
			children = (
				6BAD57CE29991AB300BA21F5 /* MockImageApiService.swift */,
				6BAD57D029991BC200BA21F5 /* MockCacheService.swift */,
				6BAD57D229991F0500BA21F5 /* MockNetworkService.swift */,
				6BAD57D4299921CF00BA21F5 /* MockKeychainService.swift */,
				6BAD57D6299922A500BA21F5 /* MockCoreDataService.swift */,
				6BAD57D82999325C00BA21F5 /* MockProxy.swift */,
				6BAD57E5299939AB00BA21F5 /* MockCoordinator.swift */,
			);
			path = ListScreenMocks;
			sourceTree = "<group>";
		};
		6BAD58092999758900BA21F5 /* MovieUITests */ = {
			isa = PBXGroup;
			children = (
				6BAD580A2999758900BA21F5 /* CinemaListViewControllerTests.swift */,
			);
			path = MovieUITests;
			sourceTree = "<group>";
		};
		6BB0AEA2290847E400F4B2B9 = {
			isa = PBXGroup;
			children = (
				6BB0AEAD290847E400F4B2B9 /* Movie */,
				6BAD57C5299916E700BA21F5 /* MovieTests */,
				6BAD58092999758900BA21F5 /* MovieUITests */,
				6BB0AEAC290847E400F4B2B9 /* Products */,
			);
			sourceTree = "<group>";
		};
		6BB0AEAC290847E400F4B2B9 /* Products */ = {
			isa = PBXGroup;
			children = (
				6BB0AEAB290847E400F4B2B9 /* Movie.app */,
				6BAD57C4299916E700BA21F5 /* MovieTests.xctest */,
				6BAD58082999758900BA21F5 /* MovieUITests.xctest */,
			);
			name = Products;
			sourceTree = "<group>";
		};
		6BB0AEAD290847E400F4B2B9 /* Movie */ = {
			isa = PBXGroup;
			children = (
				6B5DE6912995908100B102DD /* CoreDataService */,
				6BD6C27929942287004D5461 /* KeychainService */,
				6B434B2A299315BE0001041F /* CacheService */,
				6B434B2129930EAF0001041F /* Coordinator */,
				6B434B0F2992D1670001041F /* Builder */,
				6B434B1C2992EB6B0001041F /* ImageService */,
				6B434B152992E8BB0001041F /* ImageAPIService */,
				6B434B122992E81B0001041F /* Proxy */,
				6B4DE9702908575900BAADDC /* CinemaListScreen */,
				6BF3413229098BC2001448A2 /* CinemaDescriptionScreen */,
				6BACC48F290B04B30011D30E /* NetworkManager */,
				6B2EC32029086D8600DADFD1 /* Extesion */,
				6B27D2B5290C4BE90088884E /* Constants */,
				6B05A597290C587200D30201 /* TypeAlias */,
				6BB0AEAE290847E400F4B2B9 /* AppDelegate.swift */,
				6BB0AEB4290847E400F4B2B9 /* Main.storyboard */,
				6BB0AEB7290847E600F4B2B9 /* Assets.xcassets */,
				6BB0AEB9290847E600F4B2B9 /* LaunchScreen.storyboard */,
				6BB0AEBC290847E600F4B2B9 /* Info.plist */,
			);
			name = Movie;
			path = MovieTests/Movie;
			sourceTree = "<group>";
		};
		6BD6C27929942287004D5461 /* KeychainService */ = {
			isa = PBXGroup;
			children = (
				6BD6C27A299422B0004D5461 /* KeychainServiceProtocol.swift */,
				6BD6C27C299424BF004D5461 /* KeychainService.swift */,
			);
			path = KeychainService;
			sourceTree = "<group>";
		};
		6BDB75F3299319B900526945 /* View */ = {
			isa = PBXGroup;
			children = (
				6BF3413329098C40001448A2 /* CinemaDescriptionViewController.swift */,
				6BF3413529098F80001448A2 /* Cells */,
			);
			path = View;
			sourceTree = "<group>";
		};
		6BDB75F4299319C700526945 /* Model */ = {
			isa = PBXGroup;
			children = (
				6BDB75F5299319DC00526945 /* CinemaDescriptionViewModel.swift */,
				6BDB75F7299319F500526945 /* CinemaDescriptionViewModelImp.swift */,
			);
			path = Model;
			sourceTree = "<group>";
		};
		6BF3413229098BC2001448A2 /* CinemaDescriptionScreen */ = {
			isa = PBXGroup;
			children = (
				6BDB75F4299319C700526945 /* Model */,
				6BDB75F3299319B900526945 /* View */,
			);
			path = CinemaDescriptionScreen;
			sourceTree = "<group>";
		};
		6BF3413529098F80001448A2 /* Cells */ = {
			isa = PBXGroup;
			children = (
				6BF3413629098FA4001448A2 /* PosterTableViewCell.swift */,
				6BF34138290995F9001448A2 /* ButtonsTableViewCell.swift */,
				6BF3413A2909B7C7001448A2 /* OverviewTableViewCell.swift */,
				6BF3413C2909BACA001448A2 /* RatingTableViewCell.swift */,
			);
			path = Cells;
			sourceTree = "<group>";
		};
/* End PBXGroup section */

/* Begin PBXNativeTarget section */
		6BAD57C3299916E700BA21F5 /* MovieTests */ = {
			isa = PBXNativeTarget;
			buildConfigurationList = 6BAD57CA299916E800BA21F5 /* Build configuration list for PBXNativeTarget "MovieTests" */;
			buildPhases = (
				6BAD57C0299916E700BA21F5 /* Sources */,
				6BAD57C1299916E700BA21F5 /* Frameworks */,
				6BAD57C2299916E700BA21F5 /* Resources */,
			);
			buildRules = (
			);
			dependencies = (
				6BAD57C9299916E800BA21F5 /* PBXTargetDependency */,
			);
			name = MovieTests;
			productName = MovieTests;
			productReference = 6BAD57C4299916E700BA21F5 /* MovieTests.xctest */;
			productType = "com.apple.product-type.bundle.unit-test";
		};
		6BAD58072999758900BA21F5 /* MovieUITests */ = {
			isa = PBXNativeTarget;
			buildConfigurationList = 6BAD58102999758A00BA21F5 /* Build configuration list for PBXNativeTarget "MovieUITests" */;
			buildPhases = (
				6BAD58042999758900BA21F5 /* Sources */,
				6BAD58052999758900BA21F5 /* Frameworks */,
				6BAD58062999758900BA21F5 /* Resources */,
			);
			buildRules = (
			);
			dependencies = (
				6BAD580F2999758900BA21F5 /* PBXTargetDependency */,
			);
			name = MovieUITests;
			productName = MovieUITests;
			productReference = 6BAD58082999758900BA21F5 /* MovieUITests.xctest */;
			productType = "com.apple.product-type.bundle.ui-testing";
		};
		6BB0AEAA290847E400F4B2B9 /* Movie */ = {
			isa = PBXNativeTarget;
			buildConfigurationList = 6BB0AEBF290847E600F4B2B9 /* Build configuration list for PBXNativeTarget "Movie" */;
			buildPhases = (
				6BB0AEC32908481D00F4B2B9 /* Swiftformat */,
				6BB0AEC2290847FB00F4B2B9 /* Swiftlint */,
				6BB0AEA7290847E400F4B2B9 /* Sources */,
				6BB0AEA8290847E400F4B2B9 /* Frameworks */,
				6BB0AEA9290847E400F4B2B9 /* Resources */,
			);
			buildRules = (
			);
			dependencies = (
			);
			name = Movie;
			productName = Movie;
			productReference = 6BB0AEAB290847E400F4B2B9 /* Movie.app */;
			productType = "com.apple.product-type.application";
		};
/* End PBXNativeTarget section */

/* Begin PBXProject section */
		6BB0AEA3290847E400F4B2B9 /* Project object */ = {
			isa = PBXProject;
			attributes = {
				BuildIndependentTargetsInParallel = 1;
				LastSwiftUpdateCheck = 1410;
				LastUpgradeCheck = 1340;
				TargetAttributes = {
					6BAD57C3299916E700BA21F5 = {
						CreatedOnToolsVersion = 14.1;
						TestTargetID = 6BB0AEAA290847E400F4B2B9;
					};
					6BAD58072999758900BA21F5 = {
						CreatedOnToolsVersion = 14.1;
						TestTargetID = 6BB0AEAA290847E400F4B2B9;
					};
					6BB0AEAA290847E400F4B2B9 = {
						CreatedOnToolsVersion = 13.4.1;
					};
				};
			};
			buildConfigurationList = 6BB0AEA6290847E400F4B2B9 /* Build configuration list for PBXProject "Movie" */;
			compatibilityVersion = "Xcode 13.0";
			developmentRegion = en;
			hasScannedForEncodings = 0;
			knownRegions = (
				en,
				Base,
			);
			mainGroup = 6BB0AEA2290847E400F4B2B9;
			productRefGroup = 6BB0AEAC290847E400F4B2B9 /* Products */;
			projectDirPath = "";
			projectRoot = "";
			targets = (
				6BB0AEAA290847E400F4B2B9 /* Movie */,
				6BAD57C3299916E700BA21F5 /* MovieTests */,
				6BAD58072999758900BA21F5 /* MovieUITests */,
			);
		};
/* End PBXProject section */

/* Begin PBXResourcesBuildPhase section */
		6BAD57C2299916E700BA21F5 /* Resources */ = {
			isa = PBXResourcesBuildPhase;
			buildActionMask = 2147483647;
			files = (
			);
			runOnlyForDeploymentPostprocessing = 0;
		};
		6BAD58062999758900BA21F5 /* Resources */ = {
			isa = PBXResourcesBuildPhase;
			buildActionMask = 2147483647;
			files = (
			);
			runOnlyForDeploymentPostprocessing = 0;
		};
		6BB0AEA9290847E400F4B2B9 /* Resources */ = {
			isa = PBXResourcesBuildPhase;
			buildActionMask = 2147483647;
			files = (
				6BB0AEBB290847E600F4B2B9 /* LaunchScreen.storyboard in Resources */,
				6BB0AEB8290847E600F4B2B9 /* Assets.xcassets in Resources */,
				6BB0AEB6290847E400F4B2B9 /* Main.storyboard in Resources */,
			);
			runOnlyForDeploymentPostprocessing = 0;
		};
/* End PBXResourcesBuildPhase section */

/* Begin PBXShellScriptBuildPhase section */
		6BB0AEC2290847FB00F4B2B9 /* Swiftlint */ = {
			isa = PBXShellScriptBuildPhase;
			buildActionMask = 2147483647;
			files = (
			);
			inputFileListPaths = (
			);
			inputPaths = (
			);
			name = Swiftlint;
			outputFileListPaths = (
			);
			outputPaths = (
			);
			runOnlyForDeploymentPostprocessing = 0;
			shellPath = /bin/sh;
			shellScript = "export PATH=\"$PATH:/opt/homebrew/bin\"\nif which swiftlint > /dev/null; then\n  swiftlint\nelse\n  echo \"warning: SwiftLint not installed, download from https://github.com/realm/SwiftLint\"\nfi\n";
		};
		6BB0AEC32908481D00F4B2B9 /* Swiftformat */ = {
			isa = PBXShellScriptBuildPhase;
			buildActionMask = 2147483647;
			files = (
			);
			inputFileListPaths = (
			);
			inputPaths = (
			);
			name = Swiftformat;
			outputFileListPaths = (
			);
			outputPaths = (
			);
			runOnlyForDeploymentPostprocessing = 0;
			shellPath = /bin/sh;
			shellScript = "export PATH=\"$PATH:/opt/homebrew/bin\"\n\nif which swiftformat >/dev/null; then\n  swiftformat .\nelse\n  echo \"warning: SwiftFormat not installed, download from https://github.com/nicklockwood/SwiftFormat\"\nfi\n";
		};
/* End PBXShellScriptBuildPhase section */

/* Begin PBXSourcesBuildPhase section */
		6BAD57C0299916E700BA21F5 /* Sources */ = {
			isa = PBXSourcesBuildPhase;
			buildActionMask = 2147483647;
			files = (
				6BAD57D329991F0500BA21F5 /* MockNetworkService.swift in Sources */,
				6BAD57EB29993EBD00BA21F5 /* NetworkServiceTests.swift in Sources */,
				6BAD57C7299916E800BA21F5 /* CinemaListScreenViewModelTests.swift in Sources */,
				6BAD57E12999378700BA21F5 /* BaseCoordinatorTests.swift in Sources */,
				6BAD57DE2999356D00BA21F5 /* CinemaListScreenImageServiceTests.swift in Sources */,
				6BAD57D7299922A500BA21F5 /* MockCoreDataService.swift in Sources */,
				6BAD57F129996C3E00BA21F5 /* CachServiceTests.swift in Sources */,
				6B5C15092999847C006CB875 /* GlobalConstants.swift in Sources */,
				6BAD57D129991BC200BA21F5 /* MockCacheService.swift in Sources */,
				6BAD57D5299921CF00BA21F5 /* MockKeychainService.swift in Sources */,
				6BAD57D92999325C00BA21F5 /* MockProxy.swift in Sources */,
				6BAD57ED2999615C00BA21F5 /* KeychainServiceTests.swift in Sources */,
				6BAD57E6299939AB00BA21F5 /* MockCoordinator.swift in Sources */,
				6BAD57EF2999650400BA21F5 /* CoreDataServiceTests.swift in Sources */,
				6BAD57CF29991AB300BA21F5 /* MockImageApiService.swift in Sources */,
			);
			runOnlyForDeploymentPostprocessing = 0;
		};
		6BAD58042999758900BA21F5 /* Sources */ = {
			isa = PBXSourcesBuildPhase;
			buildActionMask = 2147483647;
			files = (
				6BAD580B2999758900BA21F5 /* CinemaListViewControllerTests.swift in Sources */,
				6BDF09A029998B3000D081B8 /* GlobalConstants.swift in Sources */,
			);
			runOnlyForDeploymentPostprocessing = 0;
		};
		6BB0AEA7290847E400F4B2B9 /* Sources */ = {
			isa = PBXSourcesBuildPhase;
			buildActionMask = 2147483647;
			files = (
				6B434B0E2992C6CB0001041F /* CinemaListScreenViewModel.swift in Sources */,
				6BF3413429098C40001448A2 /* CinemaDescriptionViewController.swift in Sources */,
				6BF3413B2909B7C7001448A2 /* OverviewTableViewCell.swift in Sources */,
				6BF3413D2909BACA001448A2 /* RatingTableViewCell.swift in Sources */,
				6B9D08652994056200044338 /* NetworkServiceProtocol.swift in Sources */,
				6BD6C27D299424BF004D5461 /* KeychainService.swift in Sources */,
				6B434B2C299315D60001041F /* CacheService.swift in Sources */,
				6B2EC31F29085D7E00DADFD1 /* NetworkModel.swift in Sources */,
				6BACC491290B04D80011D30E /* NetworkService.swift in Sources */,
				6B434B112992D1770001041F /* Builder.swift in Sources */,
				6B2EC31C29085B3900DADFD1 /* CinemaListCell.swift in Sources */,
				6BB0AEB3290847E400F4B2B9 /* CinemaListViewController.swift in Sources */,
				6B27D2B7290C4C1A0088884E /* StringConstants.swift in Sources */,
				6BF3413729098FA4001448A2 /* PosterTableViewCell.swift in Sources */,
				6B434B192992E95D0001041F /* ImageAPIService.swift in Sources */,
				6B434B172992E9020001041F /* ImageAPIServiceProtocol.swift in Sources */,
				6BB0AEAF290847E400F4B2B9 /* AppDelegate.swift in Sources */,
				6B9997A22992114A0086777C /* CinemaListScreenViewModelProtocol.swift in Sources */,
				6BDB75F6299319DC00526945 /* CinemaDescriptionViewModel.swift in Sources */,
				6BACC495290B22120011D30E /* CinemaProtocol.swift in Sources */,
				6B05A599290C589B00D30201 /* TypeAlias.swift in Sources */,
				6B434B2E299316040001041F /* CacheServiceProtocol.swift in Sources */,
				6B434B1B2992EA7F0001041F /* ProxyImp.swift in Sources */,
				6B434B202992EBD10001041F /* ImageServiceImp.swift in Sources */,
				6B434B2429930ECF0001041F /* BaseCoordinator.swift in Sources */,
				6B434B142992E8320001041F /* Proxy.swift in Sources */,
				6B5DE6A42995950300B102DD /* CinemaLibrary.xcdatamodeld in Sources */,
				6B2EC32229086DA100DADFD1 /* NSConstraint+setPriorityFunc.swift in Sources */,
				6B434B2929930F320001041F /* BuilderProtocol.swift in Sources */,
				6B99979E29920ED20086777C /* ViewData.swift in Sources */,
				6BF34139290995F9001448A2 /* ButtonsTableViewCell.swift in Sources */,
				6B9997A029920EEF0086777C /* CinemaListInternalView.swift in Sources */,
				6B434B1E2992EB800001041F /* ImageService.swift in Sources */,
				6BAD57E42999389F00BA21F5 /* BaseCoordinatorProtocol.swift in Sources */,
				6B5DE695299590A000B102DD /* CoreDataService.swift in Sources */,
				6BF5F48A290B8B0B00A8588A /* Array+safelyAccesToElement.swift in Sources */,
				6BDB75F8299319F500526945 /* CinemaDescriptionViewModelImp.swift in Sources */,
				6B5DE6932995909900B102DD /* CoreDataServiceProtocol.swift in Sources */,
				6B434B2729930F0A0001041F /* ApplicationCoordinator.swift in Sources */,
				6BD6C27B299422B0004D5461 /* KeychainServiceProtocol.swift in Sources */,
			);
			runOnlyForDeploymentPostprocessing = 0;
		};
/* End PBXSourcesBuildPhase section */

/* Begin PBXTargetDependency section */
		6BAD57C9299916E800BA21F5 /* PBXTargetDependency */ = {
			isa = PBXTargetDependency;
			target = 6BB0AEAA290847E400F4B2B9 /* Movie */;
			targetProxy = 6BAD57C8299916E800BA21F5 /* PBXContainerItemProxy */;
		};
		6BAD580F2999758900BA21F5 /* PBXTargetDependency */ = {
			isa = PBXTargetDependency;
			target = 6BB0AEAA290847E400F4B2B9 /* Movie */;
			targetProxy = 6BAD580E2999758900BA21F5 /* PBXContainerItemProxy */;
		};
/* End PBXTargetDependency section */

/* Begin PBXVariantGroup section */
		6BB0AEB4290847E400F4B2B9 /* Main.storyboard */ = {
			isa = PBXVariantGroup;
			children = (
				6BB0AEB5290847E400F4B2B9 /* Base */,
			);
			name = Main.storyboard;
			sourceTree = "<group>";
		};
		6BB0AEB9290847E600F4B2B9 /* LaunchScreen.storyboard */ = {
			isa = PBXVariantGroup;
			children = (
				6BB0AEBA290847E600F4B2B9 /* Base */,
			);
			name = LaunchScreen.storyboard;
			sourceTree = "<group>";
		};
/* End PBXVariantGroup section */

/* Begin XCBuildConfiguration section */
		6BAD57CB299916E800BA21F5 /* Debug */ = {
			isa = XCBuildConfiguration;
			buildSettings = {
				BUNDLE_LOADER = "$(TEST_HOST)";
				CLANG_CXX_LANGUAGE_STANDARD = "gnu++20";
				CODE_SIGN_STYLE = Automatic;
				CURRENT_PROJECT_VERSION = 1;
				DEVELOPMENT_TEAM = RFQV2J5FYV;
				GENERATE_INFOPLIST_FILE = YES;
				IPHONEOS_DEPLOYMENT_TARGET = 16.1;
				MARKETING_VERSION = 1.0;
				PRODUCT_BUNDLE_IDENTIFIER = someacc.MovieTests;
				PRODUCT_NAME = "$(TARGET_NAME)";
				SWIFT_EMIT_LOC_STRINGS = NO;
				SWIFT_VERSION = 5.0;
				TARGETED_DEVICE_FAMILY = "1,2";
				TEST_HOST = "$(BUILT_PRODUCTS_DIR)/Movie.app/$(BUNDLE_EXECUTABLE_FOLDER_PATH)/Movie";
			};
			name = Debug;
		};
		6BAD57CC299916E800BA21F5 /* Release */ = {
			isa = XCBuildConfiguration;
			buildSettings = {
				BUNDLE_LOADER = "$(TEST_HOST)";
				CLANG_CXX_LANGUAGE_STANDARD = "gnu++20";
				CODE_SIGN_STYLE = Automatic;
				CURRENT_PROJECT_VERSION = 1;
				DEVELOPMENT_TEAM = RFQV2J5FYV;
				GENERATE_INFOPLIST_FILE = YES;
				IPHONEOS_DEPLOYMENT_TARGET = 16.1;
				MARKETING_VERSION = 1.0;
				PRODUCT_BUNDLE_IDENTIFIER = someacc.MovieTests;
				PRODUCT_NAME = "$(TARGET_NAME)";
				SWIFT_EMIT_LOC_STRINGS = NO;
				SWIFT_VERSION = 5.0;
				TARGETED_DEVICE_FAMILY = "1,2";
				TEST_HOST = "$(BUILT_PRODUCTS_DIR)/Movie.app/$(BUNDLE_EXECUTABLE_FOLDER_PATH)/Movie";
			};
			name = Release;
		};
		6BAD58112999758A00BA21F5 /* Debug */ = {
			isa = XCBuildConfiguration;
			buildSettings = {
				CLANG_CXX_LANGUAGE_STANDARD = "gnu++20";
				CODE_SIGN_STYLE = Automatic;
				CURRENT_PROJECT_VERSION = 1;
				DEVELOPMENT_TEAM = RFQV2J5FYV;
				GENERATE_INFOPLIST_FILE = YES;
				IPHONEOS_DEPLOYMENT_TARGET = 16.1;
				MARKETING_VERSION = 1.0;
				PRODUCT_BUNDLE_IDENTIFIER = someacc.MovieUITests;
				PRODUCT_NAME = "$(TARGET_NAME)";
				SWIFT_EMIT_LOC_STRINGS = NO;
				SWIFT_VERSION = 5.0;
				TARGETED_DEVICE_FAMILY = "1,2";
				TEST_TARGET_NAME = Movie;
			};
			name = Debug;
		};
		6BAD58122999758A00BA21F5 /* Release */ = {
			isa = XCBuildConfiguration;
			buildSettings = {
				CLANG_CXX_LANGUAGE_STANDARD = "gnu++20";
				CODE_SIGN_STYLE = Automatic;
				CURRENT_PROJECT_VERSION = 1;
				DEVELOPMENT_TEAM = RFQV2J5FYV;
				GENERATE_INFOPLIST_FILE = YES;
				IPHONEOS_DEPLOYMENT_TARGET = 16.1;
				MARKETING_VERSION = 1.0;
				PRODUCT_BUNDLE_IDENTIFIER = someacc.MovieUITests;
				PRODUCT_NAME = "$(TARGET_NAME)";
				SWIFT_EMIT_LOC_STRINGS = NO;
				SWIFT_VERSION = 5.0;
				TARGETED_DEVICE_FAMILY = "1,2";
				TEST_TARGET_NAME = Movie;
			};
			name = Release;
		};
		6BB0AEBD290847E600F4B2B9 /* Debug */ = {
			isa = XCBuildConfiguration;
			buildSettings = {
				ALWAYS_SEARCH_USER_PATHS = NO;
				CLANG_ANALYZER_NONNULL = YES;
				CLANG_ANALYZER_NUMBER_OBJECT_CONVERSION = YES_AGGRESSIVE;
				CLANG_CXX_LANGUAGE_STANDARD = "gnu++17";
				CLANG_ENABLE_MODULES = YES;
				CLANG_ENABLE_OBJC_ARC = YES;
				CLANG_ENABLE_OBJC_WEAK = YES;
				CLANG_WARN_BLOCK_CAPTURE_AUTORELEASING = YES;
				CLANG_WARN_BOOL_CONVERSION = YES;
				CLANG_WARN_COMMA = YES;
				CLANG_WARN_CONSTANT_CONVERSION = YES;
				CLANG_WARN_DEPRECATED_OBJC_IMPLEMENTATIONS = YES;
				CLANG_WARN_DIRECT_OBJC_ISA_USAGE = YES_ERROR;
				CLANG_WARN_DOCUMENTATION_COMMENTS = YES;
				CLANG_WARN_EMPTY_BODY = YES;
				CLANG_WARN_ENUM_CONVERSION = YES;
				CLANG_WARN_INFINITE_RECURSION = YES;
				CLANG_WARN_INT_CONVERSION = YES;
				CLANG_WARN_NON_LITERAL_NULL_CONVERSION = YES;
				CLANG_WARN_OBJC_IMPLICIT_RETAIN_SELF = YES;
				CLANG_WARN_OBJC_LITERAL_CONVERSION = YES;
				CLANG_WARN_OBJC_ROOT_CLASS = YES_ERROR;
				CLANG_WARN_QUOTED_INCLUDE_IN_FRAMEWORK_HEADER = YES;
				CLANG_WARN_RANGE_LOOP_ANALYSIS = YES;
				CLANG_WARN_STRICT_PROTOTYPES = YES;
				CLANG_WARN_SUSPICIOUS_MOVE = YES;
				CLANG_WARN_UNGUARDED_AVAILABILITY = YES_AGGRESSIVE;
				CLANG_WARN_UNREACHABLE_CODE = YES;
				CLANG_WARN__DUPLICATE_METHOD_MATCH = YES;
				COPY_PHASE_STRIP = NO;
				DEBUG_INFORMATION_FORMAT = dwarf;
				ENABLE_STRICT_OBJC_MSGSEND = YES;
				ENABLE_TESTABILITY = YES;
				GCC_C_LANGUAGE_STANDARD = gnu11;
				GCC_DYNAMIC_NO_PIC = NO;
				GCC_NO_COMMON_BLOCKS = YES;
				GCC_OPTIMIZATION_LEVEL = 0;
				GCC_PREPROCESSOR_DEFINITIONS = (
					"DEBUG=1",
					"$(inherited)",
				);
				GCC_WARN_64_TO_32_BIT_CONVERSION = YES;
				GCC_WARN_ABOUT_RETURN_TYPE = YES_ERROR;
				GCC_WARN_UNDECLARED_SELECTOR = YES;
				GCC_WARN_UNINITIALIZED_AUTOS = YES_AGGRESSIVE;
				GCC_WARN_UNUSED_FUNCTION = YES;
				GCC_WARN_UNUSED_VARIABLE = YES;
				IPHONEOS_DEPLOYMENT_TARGET = 15.5;
				MTL_ENABLE_DEBUG_INFO = INCLUDE_SOURCE;
				MTL_FAST_MATH = YES;
				ONLY_ACTIVE_ARCH = YES;
				SDKROOT = iphoneos;
				SWIFT_ACTIVE_COMPILATION_CONDITIONS = DEBUG;
				SWIFT_OPTIMIZATION_LEVEL = "-Onone";
			};
			name = Debug;
		};
		6BB0AEBE290847E600F4B2B9 /* Release */ = {
			isa = XCBuildConfiguration;
			buildSettings = {
				ALWAYS_SEARCH_USER_PATHS = NO;
				CLANG_ANALYZER_NONNULL = YES;
				CLANG_ANALYZER_NUMBER_OBJECT_CONVERSION = YES_AGGRESSIVE;
				CLANG_CXX_LANGUAGE_STANDARD = "gnu++17";
				CLANG_ENABLE_MODULES = YES;
				CLANG_ENABLE_OBJC_ARC = YES;
				CLANG_ENABLE_OBJC_WEAK = YES;
				CLANG_WARN_BLOCK_CAPTURE_AUTORELEASING = YES;
				CLANG_WARN_BOOL_CONVERSION = YES;
				CLANG_WARN_COMMA = YES;
				CLANG_WARN_CONSTANT_CONVERSION = YES;
				CLANG_WARN_DEPRECATED_OBJC_IMPLEMENTATIONS = YES;
				CLANG_WARN_DIRECT_OBJC_ISA_USAGE = YES_ERROR;
				CLANG_WARN_DOCUMENTATION_COMMENTS = YES;
				CLANG_WARN_EMPTY_BODY = YES;
				CLANG_WARN_ENUM_CONVERSION = YES;
				CLANG_WARN_INFINITE_RECURSION = YES;
				CLANG_WARN_INT_CONVERSION = YES;
				CLANG_WARN_NON_LITERAL_NULL_CONVERSION = YES;
				CLANG_WARN_OBJC_IMPLICIT_RETAIN_SELF = YES;
				CLANG_WARN_OBJC_LITERAL_CONVERSION = YES;
				CLANG_WARN_OBJC_ROOT_CLASS = YES_ERROR;
				CLANG_WARN_QUOTED_INCLUDE_IN_FRAMEWORK_HEADER = YES;
				CLANG_WARN_RANGE_LOOP_ANALYSIS = YES;
				CLANG_WARN_STRICT_PROTOTYPES = YES;
				CLANG_WARN_SUSPICIOUS_MOVE = YES;
				CLANG_WARN_UNGUARDED_AVAILABILITY = YES_AGGRESSIVE;
				CLANG_WARN_UNREACHABLE_CODE = YES;
				CLANG_WARN__DUPLICATE_METHOD_MATCH = YES;
				COPY_PHASE_STRIP = NO;
				DEBUG_INFORMATION_FORMAT = "dwarf-with-dsym";
				ENABLE_NS_ASSERTIONS = NO;
				ENABLE_STRICT_OBJC_MSGSEND = YES;
				GCC_C_LANGUAGE_STANDARD = gnu11;
				GCC_NO_COMMON_BLOCKS = YES;
				GCC_WARN_64_TO_32_BIT_CONVERSION = YES;
				GCC_WARN_ABOUT_RETURN_TYPE = YES_ERROR;
				GCC_WARN_UNDECLARED_SELECTOR = YES;
				GCC_WARN_UNINITIALIZED_AUTOS = YES_AGGRESSIVE;
				GCC_WARN_UNUSED_FUNCTION = YES;
				GCC_WARN_UNUSED_VARIABLE = YES;
				IPHONEOS_DEPLOYMENT_TARGET = 15.5;
				MTL_ENABLE_DEBUG_INFO = NO;
				MTL_FAST_MATH = YES;
				SDKROOT = iphoneos;
				SWIFT_COMPILATION_MODE = wholemodule;
				SWIFT_OPTIMIZATION_LEVEL = "-O";
				VALIDATE_PRODUCT = YES;
			};
			name = Release;
		};
		6BB0AEC0290847E600F4B2B9 /* Debug */ = {
			isa = XCBuildConfiguration;
			buildSettings = {
				ASSETCATALOG_COMPILER_APPICON_NAME = AppIcon;
				ASSETCATALOG_COMPILER_GLOBAL_ACCENT_COLOR_NAME = AccentColor;
				CODE_SIGN_STYLE = Automatic;
				CURRENT_PROJECT_VERSION = 1;
				DEVELOPMENT_TEAM = RFQV2J5FYV;
				GENERATE_INFOPLIST_FILE = YES;
				INFOPLIST_FILE = Movie/Info.plist;
				INFOPLIST_KEY_UIApplicationSupportsIndirectInputEvents = YES;
				INFOPLIST_KEY_UILaunchStoryboardName = LaunchScreen;
				INFOPLIST_KEY_UIMainStoryboardFile = Main;
				INFOPLIST_KEY_UISupportedInterfaceOrientations_iPad = "UIInterfaceOrientationPortrait UIInterfaceOrientationPortraitUpsideDown UIInterfaceOrientationLandscapeLeft UIInterfaceOrientationLandscapeRight";
				INFOPLIST_KEY_UISupportedInterfaceOrientations_iPhone = "UIInterfaceOrientationPortrait UIInterfaceOrientationLandscapeLeft UIInterfaceOrientationLandscapeRight";
				LD_RUNPATH_SEARCH_PATHS = (
					"$(inherited)",
					"@executable_path/Frameworks",
				);
				MARKETING_VERSION = 1.0;
				PRODUCT_BUNDLE_IDENTIFIER = someacc.Movie;
				PRODUCT_NAME = "$(TARGET_NAME)";
				SWIFT_EMIT_LOC_STRINGS = YES;
				SWIFT_VERSION = 5.0;
				TARGETED_DEVICE_FAMILY = "1,2";
			};
			name = Debug;
		};
		6BB0AEC1290847E600F4B2B9 /* Release */ = {
			isa = XCBuildConfiguration;
			buildSettings = {
				ASSETCATALOG_COMPILER_APPICON_NAME = AppIcon;
				ASSETCATALOG_COMPILER_GLOBAL_ACCENT_COLOR_NAME = AccentColor;
				CODE_SIGN_STYLE = Automatic;
				CURRENT_PROJECT_VERSION = 1;
				DEVELOPMENT_TEAM = RFQV2J5FYV;
				GENERATE_INFOPLIST_FILE = YES;
				INFOPLIST_FILE = Movie/Info.plist;
				INFOPLIST_KEY_UIApplicationSupportsIndirectInputEvents = YES;
				INFOPLIST_KEY_UILaunchStoryboardName = LaunchScreen;
				INFOPLIST_KEY_UIMainStoryboardFile = Main;
				INFOPLIST_KEY_UISupportedInterfaceOrientations_iPad = "UIInterfaceOrientationPortrait UIInterfaceOrientationPortraitUpsideDown UIInterfaceOrientationLandscapeLeft UIInterfaceOrientationLandscapeRight";
				INFOPLIST_KEY_UISupportedInterfaceOrientations_iPhone = "UIInterfaceOrientationPortrait UIInterfaceOrientationLandscapeLeft UIInterfaceOrientationLandscapeRight";
				LD_RUNPATH_SEARCH_PATHS = (
					"$(inherited)",
					"@executable_path/Frameworks",
				);
				MARKETING_VERSION = 1.0;
				PRODUCT_BUNDLE_IDENTIFIER = someacc.Movie;
				PRODUCT_NAME = "$(TARGET_NAME)";
				SWIFT_EMIT_LOC_STRINGS = YES;
				SWIFT_VERSION = 5.0;
				TARGETED_DEVICE_FAMILY = "1,2";
			};
			name = Release;
		};
/* End XCBuildConfiguration section */

/* Begin XCConfigurationList section */
		6BAD57CA299916E800BA21F5 /* Build configuration list for PBXNativeTarget "MovieTests" */ = {
			isa = XCConfigurationList;
			buildConfigurations = (
				6BAD57CB299916E800BA21F5 /* Debug */,
				6BAD57CC299916E800BA21F5 /* Release */,
			);
			defaultConfigurationIsVisible = 0;
			defaultConfigurationName = Release;
		};
		6BAD58102999758A00BA21F5 /* Build configuration list for PBXNativeTarget "MovieUITests" */ = {
			isa = XCConfigurationList;
			buildConfigurations = (
				6BAD58112999758A00BA21F5 /* Debug */,
				6BAD58122999758A00BA21F5 /* Release */,
			);
			defaultConfigurationIsVisible = 0;
			defaultConfigurationName = Release;
		};
		6BB0AEA6290847E400F4B2B9 /* Build configuration list for PBXProject "Movie" */ = {
			isa = XCConfigurationList;
			buildConfigurations = (
				6BB0AEBD290847E600F4B2B9 /* Debug */,
				6BB0AEBE290847E600F4B2B9 /* Release */,
			);
			defaultConfigurationIsVisible = 0;
			defaultConfigurationName = Release;
		};
		6BB0AEBF290847E600F4B2B9 /* Build configuration list for PBXNativeTarget "Movie" */ = {
			isa = XCConfigurationList;
			buildConfigurations = (
				6BB0AEC0290847E600F4B2B9 /* Debug */,
				6BB0AEC1290847E600F4B2B9 /* Release */,
			);
			defaultConfigurationIsVisible = 0;
			defaultConfigurationName = Release;
		};
/* End XCConfigurationList section */

/* Begin XCVersionGroup section */
		6B5DE6A22995950200B102DD /* CinemaLibrary.xcdatamodeld */ = {
			isa = XCVersionGroup;
			children = (
				6B5DE6A32995950200B102DD /* CinemaLibrary.xcdatamodel */,
			);
			currentVersion = 6B5DE6A32995950200B102DD /* CinemaLibrary.xcdatamodel */;
			path = CinemaLibrary.xcdatamodeld;
			sourceTree = "<group>";
			versionGroupType = wrapper.xcdatamodel;
		};
/* End XCVersionGroup section */
	};
	rootObject = 6BB0AEA3290847E400F4B2B9 /* Project object */;
}
